// !$*UTF8*$!
{
	archiveVersion = 1;
	classes = {
	};
	objectVersion = 56;
	objects = {

/* Begin PBXBuildFile section */
		8CE7C70329B9820E008F2DDD /* BeaconIdentificationApp.swift in Sources */ = {isa = PBXBuildFile; fileRef = 8CE7C70229B9820E008F2DDD /* BeaconIdentificationApp.swift */; };
		8CE7C70529B9820E008F2DDD /* ContentView.swift in Sources */ = {isa = PBXBuildFile; fileRef = 8CE7C70429B9820E008F2DDD /* ContentView.swift */; };
		8CE7C70729B9820E008F2DDD /* Assets.xcassets in Resources */ = {isa = PBXBuildFile; fileRef = 8CE7C70629B9820E008F2DDD /* Assets.xcassets */; };
		8CE7C70A29B9820E008F2DDD /* Preview Assets.xcassets in Resources */ = {isa = PBXBuildFile; fileRef = 8CE7C70929B9820E008F2DDD /* Preview Assets.xcassets */; };
		8CE7C71229B982D8008F2DDD /* BeaconIdentificationManager.swift in Sources */ = {isa = PBXBuildFile; fileRef = 8CE7C71129B982D7008F2DDD /* BeaconIdentificationManager.swift */; };
		8CE7C71529B983E9008F2DDD /* MainPage.swift in Sources */ = {isa = PBXBuildFile; fileRef = 8CE7C71429B983E9008F2DDD /* MainPage.swift */; };
		8CE7C71729B9841E008F2DDD /* AboutPage.swift in Sources */ = {isa = PBXBuildFile; fileRef = 8CE7C71629B9841E008F2DDD /* AboutPage.swift */; };
		8CE7C71C29B988A3008F2DDD /* ToiletBeacon.swift in Sources */ = {isa = PBXBuildFile; fileRef = 8CE7C71B29B988A3008F2DDD /* ToiletBeacon.swift */; };
		8CE7C72029B9BD77008F2DDD /* MainHeader.swift in Sources */ = {isa = PBXBuildFile; fileRef = 8CE7C71F29B9BD77008F2DDD /* MainHeader.swift */; };
		8CE7C72229BAB056008F2DDD /* BeaconInfoView.swift in Sources */ = {isa = PBXBuildFile; fileRef = 8CE7C72129BAB056008F2DDD /* BeaconInfoView.swift */; };
		8CE7C72429BAB257008F2DDD /* Colors.swift in Sources */ = {isa = PBXBuildFile; fileRef = 8CE7C72329BAB257008F2DDD /* Colors.swift */; };
/* End PBXBuildFile section */

/* Begin PBXFileReference section */
		8CE7C6FF29B9820E008F2DDD /* BeaconIdentification.app */ = {isa = PBXFileReference; explicitFileType = wrapper.application; includeInIndex = 0; path = BeaconIdentification.app; sourceTree = BUILT_PRODUCTS_DIR; };
		8CE7C70229B9820E008F2DDD /* BeaconIdentificationApp.swift */ = {isa = PBXFileReference; lastKnownFileType = sourcecode.swift; path = BeaconIdentificationApp.swift; sourceTree = "<group>"; };
		8CE7C70429B9820E008F2DDD /* ContentView.swift */ = {isa = PBXFileReference; lastKnownFileType = sourcecode.swift; path = ContentView.swift; sourceTree = "<group>"; };
		8CE7C70629B9820E008F2DDD /* Assets.xcassets */ = {isa = PBXFileReference; lastKnownFileType = folder.assetcatalog; path = Assets.xcassets; sourceTree = "<group>"; };
		8CE7C70929B9820E008F2DDD /* Preview Assets.xcassets */ = {isa = PBXFileReference; lastKnownFileType = folder.assetcatalog; path = "Preview Assets.xcassets"; sourceTree = "<group>"; };
		8CE7C71129B982D7008F2DDD /* BeaconIdentificationManager.swift */ = {isa = PBXFileReference; lastKnownFileType = sourcecode.swift; path = BeaconIdentificationManager.swift; sourceTree = "<group>"; };
		8CE7C71429B983E9008F2DDD /* MainPage.swift */ = {isa = PBXFileReference; lastKnownFileType = sourcecode.swift; path = MainPage.swift; sourceTree = "<group>"; };
		8CE7C71629B9841E008F2DDD /* AboutPage.swift */ = {isa = PBXFileReference; lastKnownFileType = sourcecode.swift; path = AboutPage.swift; sourceTree = "<group>"; };
		8CE7C71B29B988A3008F2DDD /* ToiletBeacon.swift */ = {isa = PBXFileReference; lastKnownFileType = sourcecode.swift; path = ToiletBeacon.swift; sourceTree = "<group>"; };
		8CE7C71E29B9ABC1008F2DDD /* Info.plist */ = {isa = PBXFileReference; lastKnownFileType = text.plist; path = Info.plist; sourceTree = "<group>"; };
		8CE7C71F29B9BD77008F2DDD /* MainHeader.swift */ = {isa = PBXFileReference; lastKnownFileType = sourcecode.swift; path = MainHeader.swift; sourceTree = "<group>"; };
		8CE7C72129BAB056008F2DDD /* BeaconInfoView.swift */ = {isa = PBXFileReference; lastKnownFileType = sourcecode.swift; path = BeaconInfoView.swift; sourceTree = "<group>"; };
		8CE7C72329BAB257008F2DDD /* Colors.swift */ = {isa = PBXFileReference; lastKnownFileType = sourcecode.swift; path = Colors.swift; sourceTree = "<group>"; };
/* End PBXFileReference section */

/* Begin PBXFrameworksBuildPhase section */
		8CE7C6FC29B9820E008F2DDD /* Frameworks */ = {
			isa = PBXFrameworksBuildPhase;
			buildActionMask = 2147483647;
			files = (
			);
			runOnlyForDeploymentPostprocessing = 0;
		};
/* End PBXFrameworksBuildPhase section */

/* Begin PBXGroup section */
		8CE7C6F629B9820E008F2DDD = {
			isa = PBXGroup;
			children = (
				8CE7C70129B9820E008F2DDD /* BeaconIdentification */,
				8CE7C70029B9820E008F2DDD /* Products */,
			);
			sourceTree = "<group>";
		};
		8CE7C70029B9820E008F2DDD /* Products */ = {
			isa = PBXGroup;
			children = (
				8CE7C6FF29B9820E008F2DDD /* BeaconIdentification.app */,
			);
			name = Products;
			sourceTree = "<group>";
		};
		8CE7C70129B9820E008F2DDD /* BeaconIdentification */ = {
			isa = PBXGroup;
			children = (
				8CE7C71E29B9ABC1008F2DDD /* Info.plist */,
				8CE7C71329B982E3008F2DDD /* ViewModels */,
				8CE7C70229B9820E008F2DDD /* BeaconIdentificationApp.swift */,
				8CE7C71029B98269008F2DDD /* Views */,
				8CE7C70629B9820E008F2DDD /* Assets.xcassets */,
				8CE7C70829B9820E008F2DDD /* Preview Content */,
				8CE7C71D29B988A7008F2DDD /* Models */,
			);
			path = BeaconIdentification;
			sourceTree = "<group>";
		};
		8CE7C70829B9820E008F2DDD /* Preview Content */ = {
			isa = PBXGroup;
			children = (
				8CE7C70929B9820E008F2DDD /* Preview Assets.xcassets */,
			);
			path = "Preview Content";
			sourceTree = "<group>";
		};
		8CE7C71029B98269008F2DDD /* Views */ = {
			isa = PBXGroup;
			children = (
				8CE7C70429B9820E008F2DDD /* ContentView.swift */,
				8CE7C71829B98678008F2DDD /* Main */,
				8CE7C71629B9841E008F2DDD /* AboutPage.swift */,
				8CE7C72329BAB257008F2DDD /* Colors.swift */,
			);
			path = Views;
			sourceTree = "<group>";
		};
		8CE7C71329B982E3008F2DDD /* ViewModels */ = {
			isa = PBXGroup;
			children = (
				8CE7C71129B982D7008F2DDD /* BeaconIdentificationManager.swift */,
			);
			path = ViewModels;
			sourceTree = "<group>";
		};
		8CE7C71829B98678008F2DDD /* Main */ = {
			isa = PBXGroup;
			children = (
				8CE7C71429B983E9008F2DDD /* MainPage.swift */,
				8CE7C71F29B9BD77008F2DDD /* MainHeader.swift */,
				8CE7C72129BAB056008F2DDD /* BeaconInfoView.swift */,
			);
			path = Main;
			sourceTree = "<group>";
		};
		8CE7C71D29B988A7008F2DDD /* Models */ = {
			isa = PBXGroup;
			children = (
				8CE7C71B29B988A3008F2DDD /* ToiletBeacon.swift */,
			);
			path = Models;
			sourceTree = "<group>";
		};
/* End PBXGroup section */

/* Begin PBXNativeTarget section */
		8CE7C6FE29B9820E008F2DDD /* BeaconIdentification */ = {
			isa = PBXNativeTarget;
			buildConfigurationList = 8CE7C70D29B9820E008F2DDD /* Build configuration list for PBXNativeTarget "BeaconIdentification" */;
			buildPhases = (
				8CE7C6FB29B9820E008F2DDD /* Sources */,
				8CE7C6FC29B9820E008F2DDD /* Frameworks */,
				8CE7C6FD29B9820E008F2DDD /* Resources */,
			);
			buildRules = (
			);
			dependencies = (
			);
			name = BeaconIdentification;
			productName = BeaconIdentification;
			productReference = 8CE7C6FF29B9820E008F2DDD /* BeaconIdentification.app */;
			productType = "com.apple.product-type.application";
		};
/* End PBXNativeTarget section */

/* Begin PBXProject section */
		8CE7C6F729B9820E008F2DDD /* Project object */ = {
			isa = PBXProject;
			attributes = {
				BuildIndependentTargetsInParallel = 1;
				LastSwiftUpdateCheck = 1410;
				LastUpgradeCheck = 1410;
				TargetAttributes = {
					8CE7C6FE29B9820E008F2DDD = {
						CreatedOnToolsVersion = 14.1;
					};
				};
			};
			buildConfigurationList = 8CE7C6FA29B9820E008F2DDD /* Build configuration list for PBXProject "BeaconIdentification" */;
			compatibilityVersion = "Xcode 14.0";
			developmentRegion = en;
			hasScannedForEncodings = 0;
			knownRegions = (
				en,
				Base,
			);
			mainGroup = 8CE7C6F629B9820E008F2DDD;
			productRefGroup = 8CE7C70029B9820E008F2DDD /* Products */;
			projectDirPath = "";
			projectRoot = "";
			targets = (
				8CE7C6FE29B9820E008F2DDD /* BeaconIdentification */,
			);
		};
/* End PBXProject section */

/* Begin PBXResourcesBuildPhase section */
		8CE7C6FD29B9820E008F2DDD /* Resources */ = {
			isa = PBXResourcesBuildPhase;
			buildActionMask = 2147483647;
			files = (
				8CE7C70A29B9820E008F2DDD /* Preview Assets.xcassets in Resources */,
				8CE7C70729B9820E008F2DDD /* Assets.xcassets in Resources */,
			);
			runOnlyForDeploymentPostprocessing = 0;
		};
/* End PBXResourcesBuildPhase section */

/* Begin PBXSourcesBuildPhase section */
		8CE7C6FB29B9820E008F2DDD /* Sources */ = {
			isa = PBXSourcesBuildPhase;
			buildActionMask = 2147483647;
			files = (
				8CE7C70529B9820E008F2DDD /* ContentView.swift in Sources */,
				8CE7C72429BAB257008F2DDD /* Colors.swift in Sources */,
				8CE7C72029B9BD77008F2DDD /* MainHeader.swift in Sources */,
				8CE7C71229B982D8008F2DDD /* BeaconIdentificationManager.swift in Sources */,
				8CE7C70329B9820E008F2DDD /* BeaconIdentificationApp.swift in Sources */,
				8CE7C71529B983E9008F2DDD /* MainPage.swift in Sources */,
				8CE7C71C29B988A3008F2DDD /* ToiletBeacon.swift in Sources */,
				8CE7C71729B9841E008F2DDD /* AboutPage.swift in Sources */,
				8CE7C72229BAB056008F2DDD /* BeaconInfoView.swift in Sources */,
			);
			runOnlyForDeploymentPostprocessing = 0;
		};
/* End PBXSourcesBuildPhase section */

/* Begin XCBuildConfiguration section */
		8CE7C70B29B9820E008F2DDD /* Debug */ = {
			isa = XCBuildConfiguration;
			buildSettings = {
				ALWAYS_SEARCH_USER_PATHS = NO;
				CLANG_ANALYZER_NONNULL = YES;
				CLANG_ANALYZER_NUMBER_OBJECT_CONVERSION = YES_AGGRESSIVE;
				CLANG_CXX_LANGUAGE_STANDARD = "gnu++20";
				CLANG_ENABLE_MODULES = YES;
				CLANG_ENABLE_OBJC_ARC = YES;
				CLANG_ENABLE_OBJC_WEAK = YES;
				CLANG_WARN_BLOCK_CAPTURE_AUTORELEASING = YES;
				CLANG_WARN_BOOL_CONVERSION = YES;
				CLANG_WARN_COMMA = YES;
				CLANG_WARN_CONSTANT_CONVERSION = YES;
				CLANG_WARN_DEPRECATED_OBJC_IMPLEMENTATIONS = YES;
				CLANG_WARN_DIRECT_OBJC_ISA_USAGE = YES_ERROR;
				CLANG_WARN_DOCUMENTATION_COMMENTS = YES;
				CLANG_WARN_EMPTY_BODY = YES;
				CLANG_WARN_ENUM_CONVERSION = YES;
				CLANG_WARN_INFINITE_RECURSION = YES;
				CLANG_WARN_INT_CONVERSION = YES;
				CLANG_WARN_NON_LITERAL_NULL_CONVERSION = YES;
				CLANG_WARN_OBJC_IMPLICIT_RETAIN_SELF = YES;
				CLANG_WARN_OBJC_LITERAL_CONVERSION = YES;
				CLANG_WARN_OBJC_ROOT_CLASS = YES_ERROR;
				CLANG_WARN_QUOTED_INCLUDE_IN_FRAMEWORK_HEADER = YES;
				CLANG_WARN_RANGE_LOOP_ANALYSIS = YES;
				CLANG_WARN_STRICT_PROTOTYPES = YES;
				CLANG_WARN_SUSPICIOUS_MOVE = YES;
				CLANG_WARN_UNGUARDED_AVAILABILITY = YES_AGGRESSIVE;
				CLANG_WARN_UNREACHABLE_CODE = YES;
				CLANG_WARN__DUPLICATE_METHOD_MATCH = YES;
				COPY_PHASE_STRIP = NO;
				DEBUG_INFORMATION_FORMAT = dwarf;
				ENABLE_STRICT_OBJC_MSGSEND = YES;
				ENABLE_TESTABILITY = YES;
				GCC_C_LANGUAGE_STANDARD = gnu11;
				GCC_DYNAMIC_NO_PIC = NO;
				GCC_NO_COMMON_BLOCKS = YES;
				GCC_OPTIMIZATION_LEVEL = 0;
				GCC_PREPROCESSOR_DEFINITIONS = (
					"DEBUG=1",
					"$(inherited)",
				);
				GCC_WARN_64_TO_32_BIT_CONVERSION = YES;
				GCC_WARN_ABOUT_RETURN_TYPE = YES_ERROR;
				GCC_WARN_UNDECLARED_SELECTOR = YES;
				GCC_WARN_UNINITIALIZED_AUTOS = YES_AGGRESSIVE;
				GCC_WARN_UNUSED_FUNCTION = YES;
				GCC_WARN_UNUSED_VARIABLE = YES;
				IPHONEOS_DEPLOYMENT_TARGET = 16.1;
				MTL_ENABLE_DEBUG_INFO = INCLUDE_SOURCE;
				MTL_FAST_MATH = YES;
				ONLY_ACTIVE_ARCH = YES;
				SDKROOT = iphoneos;
				SWIFT_ACTIVE_COMPILATION_CONDITIONS = DEBUG;
				SWIFT_OPTIMIZATION_LEVEL = "-Onone";
			};
			name = Debug;
		};
		8CE7C70C29B9820E008F2DDD /* Release */ = {
			isa = XCBuildConfiguration;
			buildSettings = {
				ALWAYS_SEARCH_USER_PATHS = NO;
				CLANG_ANALYZER_NONNULL = YES;
				CLANG_ANALYZER_NUMBER_OBJECT_CONVERSION = YES_AGGRESSIVE;
				CLANG_CXX_LANGUAGE_STANDARD = "gnu++20";
				CLANG_ENABLE_MODULES = YES;
				CLANG_ENABLE_OBJC_ARC = YES;
				CLANG_ENABLE_OBJC_WEAK = YES;
				CLANG_WARN_BLOCK_CAPTURE_AUTORELEASING = YES;
				CLANG_WARN_BOOL_CONVERSION = YES;
				CLANG_WARN_COMMA = YES;
				CLANG_WARN_CONSTANT_CONVERSION = YES;
				CLANG_WARN_DEPRECATED_OBJC_IMPLEMENTATIONS = YES;
				CLANG_WARN_DIRECT_OBJC_ISA_USAGE = YES_ERROR;
				CLANG_WARN_DOCUMENTATION_COMMENTS = YES;
				CLANG_WARN_EMPTY_BODY = YES;
				CLANG_WARN_ENUM_CONVERSION = YES;
				CLANG_WARN_INFINITE_RECURSION = YES;
				CLANG_WARN_INT_CONVERSION = YES;
				CLANG_WARN_NON_LITERAL_NULL_CONVERSION = YES;
				CLANG_WARN_OBJC_IMPLICIT_RETAIN_SELF = YES;
				CLANG_WARN_OBJC_LITERAL_CONVERSION = YES;
				CLANG_WARN_OBJC_ROOT_CLASS = YES_ERROR;
				CLANG_WARN_QUOTED_INCLUDE_IN_FRAMEWORK_HEADER = YES;
				CLANG_WARN_RANGE_LOOP_ANALYSIS = YES;
				CLANG_WARN_STRICT_PROTOTYPES = YES;
				CLANG_WARN_SUSPICIOUS_MOVE = YES;
				CLANG_WARN_UNGUARDED_AVAILABILITY = YES_AGGRESSIVE;
				CLANG_WARN_UNREACHABLE_CODE = YES;
				CLANG_WARN__DUPLICATE_METHOD_MATCH = YES;
				COPY_PHASE_STRIP = NO;
				DEBUG_INFORMATION_FORMAT = "dwarf-with-dsym";
				ENABLE_NS_ASSERTIONS = NO;
				ENABLE_STRICT_OBJC_MSGSEND = YES;
				GCC_C_LANGUAGE_STANDARD = gnu11;
				GCC_NO_COMMON_BLOCKS = YES;
				GCC_WARN_64_TO_32_BIT_CONVERSION = YES;
				GCC_WARN_ABOUT_RETURN_TYPE = YES_ERROR;
				GCC_WARN_UNDECLARED_SELECTOR = YES;
				GCC_WARN_UNINITIALIZED_AUTOS = YES_AGGRESSIVE;
				GCC_WARN_UNUSED_FUNCTION = YES;
				GCC_WARN_UNUSED_VARIABLE = YES;
				IPHONEOS_DEPLOYMENT_TARGET = 16.1;
				MTL_ENABLE_DEBUG_INFO = NO;
				MTL_FAST_MATH = YES;
				SDKROOT = iphoneos;
				SWIFT_COMPILATION_MODE = wholemodule;
				SWIFT_OPTIMIZATION_LEVEL = "-O";
				VALIDATE_PRODUCT = YES;
			};
			name = Release;
		};
		8CE7C70E29B9820E008F2DDD /* Debug */ = {
			isa = XCBuildConfiguration;
			buildSettings = {
				ASSETCATALOG_COMPILER_APPICON_NAME = AppIcon;
				ASSETCATALOG_COMPILER_GLOBAL_ACCENT_COLOR_NAME = AccentColor;
				CODE_SIGN_STYLE = Automatic;
				CURRENT_PROJECT_VERSION = 1;
				DEVELOPMENT_ASSET_PATHS = "\"BeaconIdentification/Preview Content\"";
				DEVELOPMENT_TEAM = C769U5XA22;
				ENABLE_PREVIEWS = YES;
				GENERATE_INFOPLIST_FILE = YES;
				INFOPLIST_FILE = BeaconIdentification/Info.plist;
				INFOPLIST_KEY_NSLocationWhenInUseUsageDescription = "This demo app uses location to identify nearest beacons in the toilet.";
				INFOPLIST_KEY_UIApplicationSceneManifest_Generation = YES;
				INFOPLIST_KEY_UIApplicationSupportsIndirectInputEvents = YES;
				INFOPLIST_KEY_UILaunchScreen_Generation = YES;
				INFOPLIST_KEY_UISupportedInterfaceOrientations_iPad = "UIInterfaceOrientationPortrait UIInterfaceOrientationPortraitUpsideDown UIInterfaceOrientationLandscapeLeft UIInterfaceOrientationLandscapeRight";
				INFOPLIST_KEY_UISupportedInterfaceOrientations_iPhone = "UIInterfaceOrientationPortrait UIInterfaceOrientationLandscapeLeft UIInterfaceOrientationLandscapeRight";
				LD_RUNPATH_SEARCH_PATHS = (
					"$(inherited)",
					"@executable_path/Frameworks",
				);
				MARKETING_VERSION = 1.0;
				PRODUCT_BUNDLE_IDENTIFIER = dev.yingke.dayFM.BeaconIdentification;
				PRODUCT_NAME = "$(TARGET_NAME)";
				SWIFT_EMIT_LOC_STRINGS = YES;
				SWIFT_VERSION = 5.0;
				TARGETED_DEVICE_FAMILY = "1,2";
			};
			name = Debug;
		};
		8CE7C70F29B9820E008F2DDD /* Release */ = {
			isa = XCBuildConfiguration;
			buildSettings = {
				ASSETCATALOG_COMPILER_APPICON_NAME = AppIcon;
				ASSETCATALOG_COMPILER_GLOBAL_ACCENT_COLOR_NAME = AccentColor;
				CODE_SIGN_STYLE = Automatic;
				CURRENT_PROJECT_VERSION = 1;
				DEVELOPMENT_ASSET_PATHS = "\"BeaconIdentification/Preview Content\"";
				DEVELOPMENT_TEAM = C769U5XA22;
				ENABLE_PREVIEWS = YES;
				GENERATE_INFOPLIST_FILE = YES;
				INFOPLIST_FILE = BeaconIdentification/Info.plist;
				INFOPLIST_KEY_NSLocationWhenInUseUsageDescription = "This demo app uses location to identify nearest beacons in the toilet.";
				INFOPLIST_KEY_UIApplicationSceneManifest_Generation = YES;
				INFOPLIST_KEY_UIApplicationSupportsIndirectInputEvents = YES;
				INFOPLIST_KEY_UILaunchScreen_Generation = YES;
				INFOPLIST_KEY_UISupportedInterfaceOrientations_iPad = "UIInterfaceOrientationPortrait UIInterfaceOrientationPortraitUpsideDown UIInterfaceOrientationLandscapeLeft UIInterfaceOrientationLandscapeRight";
				INFOPLIST_KEY_UISupportedInterfaceOrientations_iPhone = "UIInterfaceOrientationPortrait UIInterfaceOrientationLandscapeLeft UIInterfaceOrientationLandscapeRight";
				LD_RUNPATH_SEARCH_PATHS = (
					"$(inherited)",
					"@executable_path/Frameworks",
				);
				MARKETING_VERSION = 1.0;
				PRODUCT_BUNDLE_IDENTIFIER = dev.yingke.dayFM.BeaconIdentification;
				PRODUCT_NAME = "$(TARGET_NAME)";
				SWIFT_EMIT_LOC_STRINGS = YES;
				SWIFT_VERSION = 5.0;
				TARGETED_DEVICE_FAMILY = "1,2";
			};
			name = Release;
		};
/* End XCBuildConfiguration section */

/* Begin XCConfigurationList section */
		8CE7C6FA29B9820E008F2DDD /* Build configuration list for PBXProject "BeaconIdentification" */ = {
			isa = XCConfigurationList;
			buildConfigurations = (
				8CE7C70B29B9820E008F2DDD /* Debug */,
				8CE7C70C29B9820E008F2DDD /* Release */,
			);
			defaultConfigurationIsVisible = 0;
			defaultConfigurationName = Release;
		};
		8CE7C70D29B9820E008F2DDD /* Build configuration list for PBXNativeTarget "BeaconIdentification" */ = {
			isa = XCConfigurationList;
			buildConfigurations = (
				8CE7C70E29B9820E008F2DDD /* Debug */,
				8CE7C70F29B9820E008F2DDD /* Release */,
			);
			defaultConfigurationIsVisible = 0;
			defaultConfigurationName = Release;
		};
/* End XCConfigurationList section */
	};
	rootObject = 8CE7C6F729B9820E008F2DDD /* Project object */;
}
